{
  "name": "JS-prep",
  "lockfileVersion": 3,
  "requires": true,
  "packages": {
    "": {
      "dependencies": {
        "lodash": "^4.17.21",
        "tmp": "^0.2.3"
      }
    },
    "node_modules/lodash": {
      "version": "4.17.21",
      "resolved": "https://registry.npmjs.org/lodash/-/lodash-4.17.21.tgz",
      "integrity": "sha512-v2kDEe57lecTulaDIuNTPy3Ry4gLGJ6Z1O3vE1krgXZNrsQ+LFTGHVxVjcXPs17LhbZVGedAJv8XZ1tvj5FvSg=="
    },
    "node_modules/tmp": {
      "version": "0.2.3",
      "resolved": "https://registry.npmjs.org/tmp/-/tmp-0.2.3.tgz",
      "integrity": "sha512-nZD7m9iCPC5g0pYmcaxogYKggSfLsdxl8of3Q/oIbqCqLLIO9IAF0GWjX1z9NZRHPiXv8Wex4yDCaZsgEw0Y8w==",
      "engines": {
        "node": ">=14.14"
      }
    }
  }
}
